{
  "version": 4,
  "terraform_version": "1.0.5",
  "serial": 1,
  "lineage": "190caf29-0559-ddfb-2425-f5ec870bb636",
  "outputs": {
    "aws_route53_record_tfer--Z018830435ZHS3HMYDX8T_awx-002E-theorynomi-002E-com-002E-_A__id": {
      "value": "Z018830435ZHS3HMYDX8T_awx.theorynomi.com._A_",
      "type": "string"
    },
    "aws_route53_record_tfer--Z018830435ZHS3HMYDX8T_dashboard-002E-theorynomi-002E-com-002E-_A__id": {
      "value": "Z018830435ZHS3HMYDX8T_dashboard.theorynomi.com._A_",
      "type": "string"
    },
    "aws_route53_record_tfer--Z018830435ZHS3HMYDX8T_netbox-002E-theorynomi-002E-com-002E-_A__id": {
      "value": "Z018830435ZHS3HMYDX8T_netbox.theorynomi.com._A_",
      "type": "string"
    },
    "aws_route53_record_tfer--Z018830435ZHS3HMYDX8T_test-002E-theorynomi-002E-com-002E-_A__id": {
      "value": "Z018830435ZHS3HMYDX8T_test.theorynomi.com._A_",
      "type": "string"
    },
    "aws_route53_record_tfer--Z018830435ZHS3HMYDX8T_theorynomi-002E-com-002E-_NS__id": {
      "value": "Z018830435ZHS3HMYDX8T_theorynomi.com._NS_",
      "type": "string"
    },
    "aws_route53_record_tfer--Z018830435ZHS3HMYDX8T_theorynomi-002E-com-002E-_SOA__id": {
      "value": "Z018830435ZHS3HMYDX8T_theorynomi.com._SOA_",
      "type": "string"
    },
    "aws_route53_zone_tfer--Z018830435ZHS3HMYDX8T_theorynomi-002E-com_id": {
      "value": "Z018830435ZHS3HMYDX8T",
      "type": "string"
    }
  },
  "resources": [
    {
      "mode": "managed",
      "type": "aws_route53_record",
      "name": "tfer--Z018830435ZHS3HMYDX8T_awx-002E-theorynomi-002E-com-002E-_A_",
      "provider": "provider[\"registry.terraform.io/-/aws\"]",
      "instances": [
        {
          "schema_version": 2,
          "attributes_flat": {
            "fqdn": "awx.theorynomi.com",
            "health_check_id": "",
            "id": "Z018830435ZHS3HMYDX8T_awx.theorynomi.com._A_",
            "name": "awx.theorynomi.com",
            "records.#": "1",
            "records.0": "13.214.17.179",
            "set_identifier": "",
            "ttl": "300",
            "type": "A",
            "zone_id": "Z018830435ZHS3HMYDX8T"
          },
          "sensitive_attributes": []
        }
      ]
    },
    {
      "mode": "managed",
      "type": "aws_route53_record",
      "name": "tfer--Z018830435ZHS3HMYDX8T_dashboard-002E-theorynomi-002E-com-002E-_A_",
      "provider": "provider[\"registry.terraform.io/-/aws\"]",
      "instances": [
        {
          "schema_version": 2,
          "attributes_flat": {
            "fqdn": "dashboard.theorynomi.com",
            "health_check_id": "",
            "id": "Z018830435ZHS3HMYDX8T_dashboard.theorynomi.com._A_",
            "name": "dashboard.theorynomi.com",
            "records.#": "1",
            "records.0": "54.151.177.124",
            "set_identifier": "",
            "ttl": "300",
            "type": "A",
            "zone_id": "Z018830435ZHS3HMYDX8T"
          },
          "sensitive_attributes": []
        }
      ]
    },
    {
      "mode": "managed",
      "type": "aws_route53_record",
      "name": "tfer--Z018830435ZHS3HMYDX8T_netbox-002E-theorynomi-002E-com-002E-_A_",
      "provider": "provider[\"registry.terraform.io/-/aws\"]",
      "instances": [
        {
          "schema_version": 2,
          "attributes_flat": {
            "fqdn": "netbox.theorynomi.com",
            "health_check_id": "",
            "id": "Z018830435ZHS3HMYDX8T_netbox.theorynomi.com._A_",
            "name": "netbox.theorynomi.com",
            "records.#": "1",
            "records.0": "52.77.238.239",
            "set_identifier": "",
            "ttl": "300",
            "type": "A",
            "zone_id": "Z018830435ZHS3HMYDX8T"
          },
          "sensitive_attributes": []
        }
      ]
    },
    {
      "mode": "managed",
      "type": "aws_route53_record",
      "name": "tfer--Z018830435ZHS3HMYDX8T_test-002E-theorynomi-002E-com-002E-_A_",
      "provider": "provider[\"registry.terraform.io/-/aws\"]",
      "instances": [
        {
          "schema_version": 2,
          "attributes_flat": {
            "fqdn": "test.theorynomi.com",
            "health_check_id": "",
            "id": "Z018830435ZHS3HMYDX8T_test.theorynomi.com._A_",
            "name": "test.theorynomi.com",
            "records.#": "1",
            "records.0": "18.138.250.134",
            "set_identifier": "",
            "ttl": "300",
            "type": "A",
            "zone_id": "Z018830435ZHS3HMYDX8T"
          },
          "sensitive_attributes": []
        }
      ]
    },
    {
      "mode": "managed",
      "type": "aws_route53_record",
      "name": "tfer--Z018830435ZHS3HMYDX8T_theorynomi-002E-com-002E-_NS_",
      "provider": "provider[\"registry.terraform.io/-/aws\"]",
      "instances": [
        {
          "schema_version": 2,
          "attributes_flat": {
            "fqdn": "theorynomi.com",
            "health_check_id": "",
            "id": "Z018830435ZHS3HMYDX8T_theorynomi.com._NS_",
            "name": "theorynomi.com",
            "records.#": "4",
            "records.0": "ns-1156.awsdns-16.org.",
            "records.1": "ns-1807.awsdns-33.co.uk.",
            "records.2": "ns-364.awsdns-45.com.",
            "records.3": "ns-840.awsdns-41.net.",
            "set_identifier": "",
            "ttl": "172800",
            "type": "NS",
            "zone_id": "Z018830435ZHS3HMYDX8T"
          },
          "sensitive_attributes": []
        }
      ]
    },
    {
      "mode": "managed",
      "type": "aws_route53_record",
      "name": "tfer--Z018830435ZHS3HMYDX8T_theorynomi-002E-com-002E-_SOA_",
      "provider": "provider[\"registry.terraform.io/-/aws\"]",
      "instances": [
        {
          "schema_version": 2,
          "attributes_flat": {
            "fqdn": "theorynomi.com",
            "health_check_id": "",
            "id": "Z018830435ZHS3HMYDX8T_theorynomi.com._SOA_",
            "name": "theorynomi.com",
            "records.#": "1",
            "records.0": "ns-364.awsdns-45.com. awsdns-hostmaster.amazon.com. 1 7200 900 1209600 86400",
            "set_identifier": "",
            "ttl": "900",
            "type": "SOA",
            "zone_id": "Z018830435ZHS3HMYDX8T"
          },
          "sensitive_attributes": []
        }
      ]
    },
    {
      "mode": "managed",
      "type": "aws_route53_zone",
      "name": "tfer--Z018830435ZHS3HMYDX8T_theorynomi-002E-com",
      "provider": "provider[\"registry.terraform.io/-/aws\"]",
      "instances": [
        {
          "schema_version": 0,
          "attributes_flat": {
            "arn": "arn:aws:route53:::hostedzone/Z018830435ZHS3HMYDX8T",
            "comment": "",
            "delegation_set_id": "",
            "force_destroy": "false",
            "id": "Z018830435ZHS3HMYDX8T",
            "name": "theorynomi.com",
            "name_servers.#": "4",
            "name_servers.0": "ns-1156.awsdns-16.org",
            "name_servers.1": "ns-1807.awsdns-33.co.uk",
            "name_servers.2": "ns-364.awsdns-45.com",
            "name_servers.3": "ns-840.awsdns-41.net",
            "tags.%": "0",
            "tags_all.%": "0",
            "vpc.#": "0",
            "zone_id": "Z018830435ZHS3HMYDX8T"
          },
          "sensitive_attributes": []
        }
      ]
    }
  ]
}
