{
  "version": 4,
  "terraform_version": "1.0.5",
  "serial": 12,
  "lineage": "190caf29-0559-ddfb-2425-f5ec870bb636",
  "outputs": {
    "aws_route53_record_tfer--Z018830435ZHS3HMYDX8T_awx-002E-theorynomi-002E-com-002E-_A__id": {
      "value": "Z018830435ZHS3HMYDX8T_awx.theorynomi.com._A_",
      "type": "string"
    },
    "aws_route53_record_tfer--Z018830435ZHS3HMYDX8T_dashboard-002E-theorynomi-002E-com-002E-_A__id": {
      "value": "Z018830435ZHS3HMYDX8T_dashboard.theorynomi.com._A_",
      "type": "string"
    },
    "aws_route53_record_tfer--Z018830435ZHS3HMYDX8T_netbox-002E-theorynomi-002E-com-002E-_A__id": {
      "value": "Z018830435ZHS3HMYDX8T_netbox.theorynomi.com._A_",
      "type": "string"
    },
    "aws_route53_record_tfer--Z018830435ZHS3HMYDX8T_terraform-002E-theorynomi-002E-com-002E-_A__id": {
      "value": "Z018830435ZHS3HMYDX8T_terraform.theorynomi.com_A",
      "type": "string"
    },
    "aws_route53_record_tfer--Z018830435ZHS3HMYDX8T_test-002E-theorynomi-002E-com-002E-_A__id": {
      "value": "Z018830435ZHS3HMYDX8T_test.theorynomi.com._A_",
      "type": "string"
    },
    "aws_route53_record_tfer--Z018830435ZHS3HMYDX8T_theorynomi-002E-com-002E-_NS__id": {
      "value": "Z018830435ZHS3HMYDX8T_theorynomi.com._NS_",
      "type": "string"
    },
    "aws_route53_record_tfer--Z018830435ZHS3HMYDX8T_theorynomi-002E-com-002E-_SOA__id": {
      "value": "Z018830435ZHS3HMYDX8T_theorynomi.com._SOA_",
      "type": "string"
    },
    "aws_route53_zone_tfer--Z018830435ZHS3HMYDX8T_theorynomi-002E-com_id": {
      "value": "Z018830435ZHS3HMYDX8T",
      "type": "string"
    }
  },
  "resources": [
    {
      "mode": "managed",
      "type": "aws_route53_record",
      "name": "tfer--Z018830435ZHS3HMYDX8T_awx-002E-theorynomi-002E-com-002E-_A_",
      "provider": "provider[\"registry.terraform.io/hashicorp/aws\"]",
      "instances": [
        {
          "schema_version": 2,
          "attributes": {
            "alias": [],
            "allow_overwrite": null,
            "failover_routing_policy": [],
            "fqdn": "awx.theorynomi.com",
            "geolocation_routing_policy": [],
            "health_check_id": "",
            "id": "Z018830435ZHS3HMYDX8T_awx.theorynomi.com._A_",
            "latency_routing_policy": [],
            "multivalue_answer_routing_policy": null,
            "name": "awx.theorynomi.com",
            "records": [
              "13.214.17.179"
            ],
            "set_identifier": "",
            "ttl": 300,
            "type": "A",
            "weighted_routing_policy": [],
            "zone_id": "Z018830435ZHS3HMYDX8T"
          },
          "sensitive_attributes": [],
          "dependencies": [
            "aws_route53_zone.tfer--Z018830435ZHS3HMYDX8T_theorynomi-002E-com"
          ]
        }
      ]
    },
    {
      "mode": "managed",
      "type": "aws_route53_record",
      "name": "tfer--Z018830435ZHS3HMYDX8T_dashboard-002E-theorynomi-002E-com-002E-_A_",
      "provider": "provider[\"registry.terraform.io/hashicorp/aws\"]",
      "instances": [
        {
          "schema_version": 2,
          "attributes": {
            "alias": [],
            "allow_overwrite": null,
            "failover_routing_policy": [],
            "fqdn": "dashboard.theorynomi.com",
            "geolocation_routing_policy": [],
            "health_check_id": "",
            "id": "Z018830435ZHS3HMYDX8T_dashboard.theorynomi.com._A_",
            "latency_routing_policy": [],
            "multivalue_answer_routing_policy": null,
            "name": "dashboard.theorynomi.com",
            "records": [
              "54.151.177.124"
            ],
            "set_identifier": "",
            "ttl": 300,
            "type": "A",
            "weighted_routing_policy": [],
            "zone_id": "Z018830435ZHS3HMYDX8T"
          },
          "sensitive_attributes": [],
          "dependencies": [
            "aws_route53_zone.tfer--Z018830435ZHS3HMYDX8T_theorynomi-002E-com"
          ]
        }
      ]
    },
    {
      "mode": "managed",
      "type": "aws_route53_record",
      "name": "tfer--Z018830435ZHS3HMYDX8T_netbox-002E-theorynomi-002E-com-002E-_A_",
      "provider": "provider[\"registry.terraform.io/hashicorp/aws\"]",
      "instances": [
        {
          "schema_version": 2,
          "attributes": {
            "alias": [],
            "allow_overwrite": null,
            "failover_routing_policy": [],
            "fqdn": "netbox.theorynomi.com",
            "geolocation_routing_policy": [],
            "health_check_id": "",
            "id": "Z018830435ZHS3HMYDX8T_netbox.theorynomi.com._A_",
            "latency_routing_policy": [],
            "multivalue_answer_routing_policy": null,
            "name": "netbox.theorynomi.com",
            "records": [
              "52.77.238.239"
            ],
            "set_identifier": "",
            "ttl": 300,
            "type": "A",
            "weighted_routing_policy": [],
            "zone_id": "Z018830435ZHS3HMYDX8T"
          },
          "sensitive_attributes": [],
          "dependencies": [
            "aws_route53_zone.tfer--Z018830435ZHS3HMYDX8T_theorynomi-002E-com"
          ]
        }
      ]
    },
    {
      "mode": "managed",
      "type": "aws_route53_record",
      "name": "tfer--Z018830435ZHS3HMYDX8T_terraform-002E-theorynomi-002E-com-002E-_A_",
      "provider": "provider[\"registry.terraform.io/hashicorp/aws\"]",
      "instances": [
        {
          "schema_version": 2,
          "attributes": {
            "alias": [],
            "allow_overwrite": null,
            "failover_routing_policy": [],
            "fqdn": "terraform.theorynomi.com",
            "geolocation_routing_policy": [],
            "health_check_id": "",
            "id": "Z018830435ZHS3HMYDX8T_terraform.theorynomi.com_A",
            "latency_routing_policy": [],
            "multivalue_answer_routing_policy": null,
            "name": "terraform.theorynomi.com",
            "records": [
              "113.61.54.5"
            ],
            "set_identifier": "",
            "ttl": 300,
            "type": "A",
            "weighted_routing_policy": [],
            "zone_id": "Z018830435ZHS3HMYDX8T"
          },
          "sensitive_attributes": [],
          "private": "eyJzY2hlbWFfdmVyc2lvbiI6IjIifQ==",
          "dependencies": [
            "aws_route53_zone.tfer--Z018830435ZHS3HMYDX8T_theorynomi-002E-com"
          ]
        }
      ]
    },
    {
      "mode": "managed",
      "type": "aws_route53_record",
      "name": "tfer--Z018830435ZHS3HMYDX8T_test-002E-theorynomi-002E-com-002E-_A_",
      "provider": "provider[\"registry.terraform.io/hashicorp/aws\"]",
      "instances": [
        {
          "schema_version": 2,
          "attributes": {
            "alias": [],
            "allow_overwrite": null,
            "failover_routing_policy": [],
            "fqdn": "test.theorynomi.com",
            "geolocation_routing_policy": [],
            "health_check_id": "",
            "id": "Z018830435ZHS3HMYDX8T_test.theorynomi.com._A_",
            "latency_routing_policy": [],
            "multivalue_answer_routing_policy": null,
            "name": "test.theorynomi.com",
            "records": [
              "18.138.250.134"
            ],
            "set_identifier": "",
            "ttl": 300,
            "type": "A",
            "weighted_routing_policy": [],
            "zone_id": "Z018830435ZHS3HMYDX8T"
          },
          "sensitive_attributes": [],
          "dependencies": [
            "aws_route53_zone.tfer--Z018830435ZHS3HMYDX8T_theorynomi-002E-com"
          ]
        }
      ]
    },
    {
      "mode": "managed",
      "type": "aws_route53_record",
      "name": "tfer--Z018830435ZHS3HMYDX8T_theorynomi-002E-com-002E-_NS_",
      "provider": "provider[\"registry.terraform.io/hashicorp/aws\"]",
      "instances": [
        {
          "schema_version": 2,
          "attributes": {
            "alias": [],
            "allow_overwrite": null,
            "failover_routing_policy": [],
            "fqdn": "theorynomi.com",
            "geolocation_routing_policy": [],
            "health_check_id": "",
            "id": "Z018830435ZHS3HMYDX8T_theorynomi.com._NS_",
            "latency_routing_policy": [],
            "multivalue_answer_routing_policy": null,
            "name": "theorynomi.com",
            "records": [
              "ns-1156.awsdns-16.org.",
              "ns-1807.awsdns-33.co.uk.",
              "ns-364.awsdns-45.com.",
              "ns-840.awsdns-41.net."
            ],
            "set_identifier": "",
            "ttl": 172800,
            "type": "NS",
            "weighted_routing_policy": [],
            "zone_id": "Z018830435ZHS3HMYDX8T"
          },
          "sensitive_attributes": [],
          "dependencies": [
            "aws_route53_zone.tfer--Z018830435ZHS3HMYDX8T_theorynomi-002E-com"
          ]
        }
      ]
    },
    {
      "mode": "managed",
      "type": "aws_route53_record",
      "name": "tfer--Z018830435ZHS3HMYDX8T_theorynomi-002E-com-002E-_SOA_",
      "provider": "provider[\"registry.terraform.io/hashicorp/aws\"]",
      "instances": [
        {
          "schema_version": 2,
          "attributes": {
            "alias": [],
            "allow_overwrite": null,
            "failover_routing_policy": [],
            "fqdn": "theorynomi.com",
            "geolocation_routing_policy": [],
            "health_check_id": "",
            "id": "Z018830435ZHS3HMYDX8T_theorynomi.com._SOA_",
            "latency_routing_policy": [],
            "multivalue_answer_routing_policy": null,
            "name": "theorynomi.com",
            "records": [
              "ns-364.awsdns-45.com. awsdns-hostmaster.amazon.com. 1 7200 900 1209600 86400"
            ],
            "set_identifier": "",
            "ttl": 900,
            "type": "SOA",
            "weighted_routing_policy": [],
            "zone_id": "Z018830435ZHS3HMYDX8T"
          },
          "sensitive_attributes": [],
          "dependencies": [
            "aws_route53_zone.tfer--Z018830435ZHS3HMYDX8T_theorynomi-002E-com"
          ]
        }
      ]
    },
    {
      "mode": "managed",
      "type": "aws_route53_zone",
      "name": "tfer--Z018830435ZHS3HMYDX8T_theorynomi-002E-com",
      "provider": "provider[\"registry.terraform.io/hashicorp/aws\"]",
      "instances": [
        {
          "schema_version": 0,
          "attributes": {
            "arn": "arn:aws:route53:::hostedzone/Z018830435ZHS3HMYDX8T",
            "comment": "Managed by Terraform",
            "delegation_set_id": "",
            "force_destroy": false,
            "id": "Z018830435ZHS3HMYDX8T",
            "name": "theorynomi.com",
            "name_servers": [
              "ns-1156.awsdns-16.org",
              "ns-1807.awsdns-33.co.uk",
              "ns-364.awsdns-45.com",
              "ns-840.awsdns-41.net"
            ],
            "tags": {},
            "tags_all": {},
            "vpc": [],
            "zone_id": "Z018830435ZHS3HMYDX8T"
          },
          "sensitive_attributes": [],
          "private": "bnVsbA=="
        }
      ]
    }
  ]
}
